
Microsoft Visual Studio Solution File, Format Version 12.00
# Visual Studio 15
VisualStudioVersion = 15.0.28010.2003
MinimumVisualStudioVersion = 10.0.40219.1
Project("{9A19103F-16F7-4668-BE54-9A1E7A4F7556}") = "P0001", "P1\P0001.csproj", "{0CA6BFA3-9D1A-4738-8A1B-5AF5C9237863}"
EndProject
Project("{9A19103F-16F7-4668-BE54-9A1E7A4F7556}") = "P0002", "P2\P0002.csproj", "{80E1B4CE-27F7-4D25-A2C9-A85946774806}"
EndProject
Project("{9A19103F-16F7-4668-BE54-9A1E7A4F7556}") = "P0004", "P4\P0004.csproj", "{B58D81DB-77FD-4198-85D1-672434D41C1F}"
EndProject
Project("{9A19103F-16F7-4668-BE54-9A1E7A4F7556}") = "P0003", "P3\P0003.csproj", "{C35B0D4F-A395-4FA5-BC88-1B6C9DE68CBD}"
EndProject
Project("{9A19103F-16F7-4668-BE54-9A1E7A4F7556}") = "P0005", "P5\P0005.csproj", "{68C58385-6AE5-4E0A-BCA3-D7FCF9AD33F2}"
EndProject
Project("{9A19103F-16F7-4668-BE54-9A1E7A4F7556}") = "P0006", "P6\P0006.csproj", "{29695DA8-B8CD-4116-84E4-BDABAD487145}"
EndProject
Project("{FAE04EC0-301F-11D3-BF4B-00C04F79EFBC}") = "P0007", "P7\P0007.csproj", "{A24AAD37-EA46-4D69-A6BA-254B2E704F6C}"
EndProject
Project("{FAE04EC0-301F-11D3-BF4B-00C04F79EFBC}") = "P0008", "P8\P0008.csproj", "{7E874658-CB4A-4DF8-84EE-7E7EE5D779E6}"
EndProject
Project("{FAE04EC0-301F-11D3-BF4B-00C04F79EFBC}") = "P0009", "P9\P0009.csproj", "{C874DDF4-8AAB-4400-A53D-91D3147ADE05}"
EndProject
Project("{9A19103F-16F7-4668-BE54-9A1E7A4F7556}") = "P0010", "P10\P0010.csproj", "{01A91B18-343C-40A1-8006-AA46F994D87C}"
EndProject
Project("{9A19103F-16F7-4668-BE54-9A1E7A4F7556}") = "P0011", "P0011\P0011.csproj", "{CC453B64-A2AE-45F8-9CE0-ACD0D0A028D2}"
EndProject
Project("{FAE04EC0-301F-11D3-BF4B-00C04F79EFBC}") = "P0012", "P0012\P0012.csproj", "{E3616532-FC5E-456E-8787-26CA36AD08BA}"
EndProject
Project("{FAE04EC0-301F-11D3-BF4B-00C04F79EFBC}") = "P0013", "P0013\P0013.csproj", "{0198EE7C-4238-4282-9B03-3D116859ED7A}"
EndProject
Project("{FAE04EC0-301F-11D3-BF4B-00C04F79EFBC}") = "P0016", "P0016\P0016.csproj", "{0821898B-C5E4-4C8C-B4FB-54FA9FA9E38B}"
EndProject
Project("{FAE04EC0-301F-11D3-BF4B-00C04F79EFBC}") = "P0018", "P0018\P0018.csproj", "{1BC5F8D2-BDB1-4F93-83B7-A906F64CF61C}"
EndProject
Global
	GlobalSection(SolutionConfigurationPlatforms) = preSolution
		Debug|Any CPU = Debug|Any CPU
		Release|Any CPU = Release|Any CPU
	EndGlobalSection
	GlobalSection(ProjectConfigurationPlatforms) = postSolution
		{0CA6BFA3-9D1A-4738-8A1B-5AF5C9237863}.Debug|Any CPU.ActiveCfg = Debug|Any CPU
		{0CA6BFA3-9D1A-4738-8A1B-5AF5C9237863}.Debug|Any CPU.Build.0 = Debug|Any CPU
		{0CA6BFA3-9D1A-4738-8A1B-5AF5C9237863}.Release|Any CPU.ActiveCfg = Release|Any CPU
		{0CA6BFA3-9D1A-4738-8A1B-5AF5C9237863}.Release|Any CPU.Build.0 = Release|Any CPU
		{80E1B4CE-27F7-4D25-A2C9-A85946774806}.Debug|Any CPU.ActiveCfg = Debug|Any CPU
		{80E1B4CE-27F7-4D25-A2C9-A85946774806}.Debug|Any CPU.Build.0 = Debug|Any CPU
		{80E1B4CE-27F7-4D25-A2C9-A85946774806}.Release|Any CPU.ActiveCfg = Release|Any CPU
		{80E1B4CE-27F7-4D25-A2C9-A85946774806}.Release|Any CPU.Build.0 = Release|Any CPU
		{B58D81DB-77FD-4198-85D1-672434D41C1F}.Debug|Any CPU.ActiveCfg = Debug|Any CPU
		{B58D81DB-77FD-4198-85D1-672434D41C1F}.Debug|Any CPU.Build.0 = Debug|Any CPU
		{B58D81DB-77FD-4198-85D1-672434D41C1F}.Release|Any CPU.ActiveCfg = Release|Any CPU
		{B58D81DB-77FD-4198-85D1-672434D41C1F}.Release|Any CPU.Build.0 = Release|Any CPU
		{C35B0D4F-A395-4FA5-BC88-1B6C9DE68CBD}.Debug|Any CPU.ActiveCfg = Debug|Any CPU
		{C35B0D4F-A395-4FA5-BC88-1B6C9DE68CBD}.Debug|Any CPU.Build.0 = Debug|Any CPU
		{C35B0D4F-A395-4FA5-BC88-1B6C9DE68CBD}.Release|Any CPU.ActiveCfg = Release|Any CPU
		{C35B0D4F-A395-4FA5-BC88-1B6C9DE68CBD}.Release|Any CPU.Build.0 = Release|Any CPU
		{68C58385-6AE5-4E0A-BCA3-D7FCF9AD33F2}.Debug|Any CPU.ActiveCfg = Debug|Any CPU
		{68C58385-6AE5-4E0A-BCA3-D7FCF9AD33F2}.Debug|Any CPU.Build.0 = Debug|Any CPU
		{68C58385-6AE5-4E0A-BCA3-D7FCF9AD33F2}.Release|Any CPU.ActiveCfg = Release|Any CPU
		{68C58385-6AE5-4E0A-BCA3-D7FCF9AD33F2}.Release|Any CPU.Build.0 = Release|Any CPU
		{29695DA8-B8CD-4116-84E4-BDABAD487145}.Debug|Any CPU.ActiveCfg = Debug|Any CPU
		{29695DA8-B8CD-4116-84E4-BDABAD487145}.Debug|Any CPU.Build.0 = Debug|Any CPU
		{29695DA8-B8CD-4116-84E4-BDABAD487145}.Release|Any CPU.ActiveCfg = Release|Any CPU
		{29695DA8-B8CD-4116-84E4-BDABAD487145}.Release|Any CPU.Build.0 = Release|Any CPU
		{A24AAD37-EA46-4D69-A6BA-254B2E704F6C}.Debug|Any CPU.ActiveCfg = Debug|Any CPU
		{A24AAD37-EA46-4D69-A6BA-254B2E704F6C}.Debug|Any CPU.Build.0 = Debug|Any CPU
		{A24AAD37-EA46-4D69-A6BA-254B2E704F6C}.Release|Any CPU.ActiveCfg = Release|Any CPU
		{A24AAD37-EA46-4D69-A6BA-254B2E704F6C}.Release|Any CPU.Build.0 = Release|Any CPU
		{7E874658-CB4A-4DF8-84EE-7E7EE5D779E6}.Debug|Any CPU.ActiveCfg = Debug|Any CPU
		{7E874658-CB4A-4DF8-84EE-7E7EE5D779E6}.Debug|Any CPU.Build.0 = Debug|Any CPU
		{7E874658-CB4A-4DF8-84EE-7E7EE5D779E6}.Release|Any CPU.ActiveCfg = Release|Any CPU
		{7E874658-CB4A-4DF8-84EE-7E7EE5D779E6}.Release|Any CPU.Build.0 = Release|Any CPU
		{C874DDF4-8AAB-4400-A53D-91D3147ADE05}.Debug|Any CPU.ActiveCfg = Debug|Any CPU
		{C874DDF4-8AAB-4400-A53D-91D3147ADE05}.Debug|Any CPU.Build.0 = Debug|Any CPU
		{C874DDF4-8AAB-4400-A53D-91D3147ADE05}.Release|Any CPU.ActiveCfg = Release|Any CPU
		{C874DDF4-8AAB-4400-A53D-91D3147ADE05}.Release|Any CPU.Build.0 = Release|Any CPU
		{01A91B18-343C-40A1-8006-AA46F994D87C}.Debug|Any CPU.ActiveCfg = Debug|Any CPU
		{01A91B18-343C-40A1-8006-AA46F994D87C}.Debug|Any CPU.Build.0 = Debug|Any CPU
		{01A91B18-343C-40A1-8006-AA46F994D87C}.Release|Any CPU.ActiveCfg = Release|Any CPU
		{01A91B18-343C-40A1-8006-AA46F994D87C}.Release|Any CPU.Build.0 = Release|Any CPU
		{CC453B64-A2AE-45F8-9CE0-ACD0D0A028D2}.Debug|Any CPU.ActiveCfg = Debug|Any CPU
		{CC453B64-A2AE-45F8-9CE0-ACD0D0A028D2}.Debug|Any CPU.Build.0 = Debug|Any CPU
		{CC453B64-A2AE-45F8-9CE0-ACD0D0A028D2}.Release|Any CPU.ActiveCfg = Release|Any CPU
		{CC453B64-A2AE-45F8-9CE0-ACD0D0A028D2}.Release|Any CPU.Build.0 = Release|Any CPU
		{E3616532-FC5E-456E-8787-26CA36AD08BA}.Debug|Any CPU.ActiveCfg = Debug|Any CPU
		{E3616532-FC5E-456E-8787-26CA36AD08BA}.Debug|Any CPU.Build.0 = Debug|Any CPU
		{E3616532-FC5E-456E-8787-26CA36AD08BA}.Release|Any CPU.ActiveCfg = Release|Any CPU
		{E3616532-FC5E-456E-8787-26CA36AD08BA}.Release|Any CPU.Build.0 = Release|Any CPU
		{0198EE7C-4238-4282-9B03-3D116859ED7A}.Debug|Any CPU.ActiveCfg = Debug|Any CPU
		{0198EE7C-4238-4282-9B03-3D116859ED7A}.Debug|Any CPU.Build.0 = Debug|Any CPU
		{0198EE7C-4238-4282-9B03-3D116859ED7A}.Release|Any CPU.ActiveCfg = Release|Any CPU
		{0198EE7C-4238-4282-9B03-3D116859ED7A}.Release|Any CPU.Build.0 = Release|Any CPU
		{0821898B-C5E4-4C8C-B4FB-54FA9FA9E38B}.Debug|Any CPU.ActiveCfg = Debug|Any CPU
		{0821898B-C5E4-4C8C-B4FB-54FA9FA9E38B}.Debug|Any CPU.Build.0 = Debug|Any CPU
		{0821898B-C5E4-4C8C-B4FB-54FA9FA9E38B}.Release|Any CPU.ActiveCfg = Release|Any CPU
		{0821898B-C5E4-4C8C-B4FB-54FA9FA9E38B}.Release|Any CPU.Build.0 = Release|Any CPU
		{1BC5F8D2-BDB1-4F93-83B7-A906F64CF61C}.Debug|Any CPU.ActiveCfg = Debug|Any CPU
		{1BC5F8D2-BDB1-4F93-83B7-A906F64CF61C}.Debug|Any CPU.Build.0 = Debug|Any CPU
		{1BC5F8D2-BDB1-4F93-83B7-A906F64CF61C}.Release|Any CPU.ActiveCfg = Release|Any CPU
		{1BC5F8D2-BDB1-4F93-83B7-A906F64CF61C}.Release|Any CPU.Build.0 = Release|Any CPU
	EndGlobalSection
	GlobalSection(SolutionProperties) = preSolution
		HideSolutionNode = FALSE
	EndGlobalSection
	GlobalSection(ExtensibilityGlobals) = postSolution
		SolutionGuid = {A4973895-0678-4AB1-945C-46F418E3AFED}
	EndGlobalSection
EndGlobal
